// !$*UTF8*$!
{
	archiveVersion = 1;
	classes = {
	};
	objectVersion = 46;
	objects = {

/* Begin PBXBuildFile section */
		04D31E6D1FCE8B930003B559 /* main.m in Sources */ = {isa = PBXBuildFile; fileRef = 04D31E6C1FCE8B930003B559 /* main.m */; };
		04D31E701FCE8B930003B559 /* AppDelegate.m in Sources */ = {isa = PBXBuildFile; fileRef = 04D31E6F1FCE8B930003B559 /* AppDelegate.m */; };
		04D31E731FCE8B930003B559 /* ViewController.m in Sources */ = {isa = PBXBuildFile; fileRef = 04D31E721FCE8B930003B559 /* ViewController.m */; };
		04D31E761FCE8B930003B559 /* Main.storyboard in Resources */ = {isa = PBXBuildFile; fileRef = 04D31E741FCE8B930003B559 /* Main.storyboard */; };
		04D31E781FCE8B930003B559 /* Assets.xcassets in Resources */ = {isa = PBXBuildFile; fileRef = 04D31E771FCE8B930003B559 /* Assets.xcassets */; };
		04D31E7B1FCE8B930003B559 /* LaunchScreen.storyboard in Resources */ = {isa = PBXBuildFile; fileRef = 04D31E791FCE8B930003B559 /* LaunchScreen.storyboard */; };
		04D31E861FCE8B930003B559 /* _01_UILabelTests.m in Sources */ = {isa = PBXBuildFile; fileRef = 04D31E851FCE8B930003B559 /* _01_UILabelTests.m */; };
		04D31E911FCE8B930003B559 /* _01_UILabelUITests.m in Sources */ = {isa = PBXBuildFile; fileRef = 04D31E901FCE8B930003B559 /* _01_UILabelUITests.m */; };
/* End PBXBuildFile section */

/* Begin PBXContainerItemProxy section */
		04D31E821FCE8B930003B559 /* PBXContainerItemProxy */ = {
			isa = PBXContainerItemProxy;
			containerPortal = 04D31E601FCE8B930003B559 /* Project object */;
			proxyType = 1;
			remoteGlobalIDString = 04D31E671FCE8B930003B559;
			remoteInfo = "_01-UILabel";
		};
		04D31E8D1FCE8B930003B559 /* PBXContainerItemProxy */ = {
			isa = PBXContainerItemProxy;
			containerPortal = 04D31E601FCE8B930003B559 /* Project object */;
			proxyType = 1;
			remoteGlobalIDString = 04D31E671FCE8B930003B559;
			remoteInfo = "_01-UILabel";
		};
/* End PBXContainerItemProxy section */

/* Begin PBXFileReference section */
		04D31E681FCE8B930003B559 /* _01-UILabel.app */ = {isa = PBXFileReference; explicitFileType = wrapper.application; includeInIndex = 0; path = "_01-UILabel.app"; sourceTree = BUILT_PRODUCTS_DIR; };
		04D31E6C1FCE8B930003B559 /* main.m */ = {isa = PBXFileReference; lastKnownFileType = sourcecode.c.objc; path = main.m; sourceTree = "<group>"; };
		04D31E6E1FCE8B930003B559 /* AppDelegate.h */ = {isa = PBXFileReference; lastKnownFileType = sourcecode.c.h; path = AppDelegate.h; sourceTree = "<group>"; };
		04D31E6F1FCE8B930003B559 /* AppDelegate.m */ = {isa = PBXFileReference; lastKnownFileType = sourcecode.c.objc; path = AppDelegate.m; sourceTree = "<group>"; };
		04D31E711FCE8B930003B559 /* ViewController.h */ = {isa = PBXFileReference; lastKnownFileType = sourcecode.c.h; path = ViewController.h; sourceTree = "<group>"; };
		04D31E721FCE8B930003B559 /* ViewController.m */ = {isa = PBXFileReference; lastKnownFileType = sourcecode.c.objc; path = ViewController.m; sourceTree = "<group>"; };
		04D31E751FCE8B930003B559 /* Base */ = {isa = PBXFileReference; lastKnownFileType = file.storyboard; name = Base; path = Base.lproj/Main.storyboard; sourceTree = "<group>"; };
		04D31E771FCE8B930003B559 /* Assets.xcassets */ = {isa = PBXFileReference; lastKnownFileType = folder.assetcatalog; path = Assets.xcassets; sourceTree = "<group>"; };
		04D31E7A1FCE8B930003B559 /* Base */ = {isa = PBXFileReference; lastKnownFileType = file.storyboard; name = Base; path = Base.lproj/LaunchScreen.storyboard; sourceTree = "<group>"; };
		04D31E7C1FCE8B930003B559 /* Info.plist */ = {isa = PBXFileReference; lastKnownFileType = text.plist.xml; path = Info.plist; sourceTree = "<group>"; };
		04D31E811FCE8B930003B559 /* _01-UILabelTests.xctest */ = {isa = PBXFileReference; explicitFileType = wrapper.cfbundle; includeInIndex = 0; path = "_01-UILabelTests.xctest"; sourceTree = BUILT_PRODUCTS_DIR; };
		04D31E851FCE8B930003B559 /* _01_UILabelTests.m */ = {isa = PBXFileReference; lastKnownFileType = sourcecode.c.objc; path = _01_UILabelTests.m; sourceTree = "<group>"; };
		04D31E871FCE8B930003B559 /* Info.plist */ = {isa = PBXFileReference; lastKnownFileType = text.plist.xml; path = Info.plist; sourceTree = "<group>"; };
		04D31E8C1FCE8B930003B559 /* _01-UILabelUITests.xctest */ = {isa = PBXFileReference; explicitFileType = wrapper.cfbundle; includeInIndex = 0; path = "_01-UILabelUITests.xctest"; sourceTree = BUILT_PRODUCTS_DIR; };
		04D31E901FCE8B930003B559 /* _01_UILabelUITests.m */ = {isa = PBXFileReference; lastKnownFileType = sourcecode.c.objc; path = _01_UILabelUITests.m; sourceTree = "<group>"; };
		04D31E921FCE8B930003B559 /* Info.plist */ = {isa = PBXFileReference; lastKnownFileType = text.plist.xml; path = Info.plist; sourceTree = "<group>"; };
/* End PBXFileReference section */

/* Begin PBXFrameworksBuildPhase section */
		04D31E651FCE8B930003B559 /* Frameworks */ = {
			isa = PBXFrameworksBuildPhase;
			buildActionMask = 2147483647;
			files = (
			);
			runOnlyForDeploymentPostprocessing = 0;
		};
		04D31E7E1FCE8B930003B559 /* Frameworks */ = {
			isa = PBXFrameworksBuildPhase;
			buildActionMask = 2147483647;
			files = (
			);
			runOnlyForDeploymentPostprocessing = 0;
		};
		04D31E891FCE8B930003B559 /* Frameworks */ = {
			isa = PBXFrameworksBuildPhase;
			buildActionMask = 2147483647;
			files = (
			);
			runOnlyForDeploymentPostprocessing = 0;
		};
/* End PBXFrameworksBuildPhase section */

/* Begin PBXGroup section */
		04D31E5F1FCE8B930003B559 = {
			isa = PBXGroup;
			children = (
				04D31E6A1FCE8B930003B559 /* _01-UILabel */,
				04D31E841FCE8B930003B559 /* _01-UILabelTests */,
				04D31E8F1FCE8B930003B559 /* _01-UILabelUITests */,
				04D31E691FCE8B930003B559 /* Products */,
			);
			sourceTree = "<group>";
		};
		04D31E691FCE8B930003B559 /* Products */ = {
			isa = PBXGroup;
			children = (
				04D31E681FCE8B930003B559 /* _01-UILabel.app */,
				04D31E811FCE8B930003B559 /* _01-UILabelTests.xctest */,
				04D31E8C1FCE8B930003B559 /* _01-UILabelUITests.xctest */,
			);
			name = Products;
			sourceTree = "<group>";
		};
		04D31E6A1FCE8B930003B559 /* _01-UILabel */ = {
			isa = PBXGroup;
			children = (
				04D31E6E1FCE8B930003B559 /* AppDelegate.h */,
				04D31E6F1FCE8B930003B559 /* AppDelegate.m */,
				04D31E711FCE8B930003B559 /* ViewController.h */,
				04D31E721FCE8B930003B559 /* ViewController.m */,
				04D31E741FCE8B930003B559 /* Main.storyboard */,
				04D31E771FCE8B930003B559 /* Assets.xcassets */,
				04D31E791FCE8B930003B559 /* LaunchScreen.storyboard */,
				04D31E7C1FCE8B930003B559 /* Info.plist */,
				04D31E6B1FCE8B930003B559 /* Supporting Files */,
			);
			path = "_01-UILabel";
			sourceTree = "<group>";
		};
		04D31E6B1FCE8B930003B559 /* Supporting Files */ = {
			isa = PBXGroup;
			children = (
				04D31E6C1FCE8B930003B559 /* main.m */,
			);
			name = "Supporting Files";
			sourceTree = "<group>";
		};
		04D31E841FCE8B930003B559 /* _01-UILabelTests */ = {
			isa = PBXGroup;
			children = (
				04D31E851FCE8B930003B559 /* _01_UILabelTests.m */,
				04D31E871FCE8B930003B559 /* Info.plist */,
			);
			path = "_01-UILabelTests";
			sourceTree = "<group>";
		};
		04D31E8F1FCE8B930003B559 /* _01-UILabelUITests */ = {
			isa = PBXGroup;
			children = (
				04D31E901FCE8B930003B559 /* _01_UILabelUITests.m */,
				04D31E921FCE8B930003B559 /* Info.plist */,
			);
			path = "_01-UILabelUITests";
			sourceTree = "<group>";
		};
/* End PBXGroup section */

/* Begin PBXNativeTarget section */
		04D31E671FCE8B930003B559 /* _01-UILabel */ = {
			isa = PBXNativeTarget;
			buildConfigurationList = 04D31E951FCE8B930003B559 /* Build configuration list for PBXNativeTarget "_01-UILabel" */;
			buildPhases = (
				04D31E641FCE8B930003B559 /* Sources */,
				04D31E651FCE8B930003B559 /* Frameworks */,
				04D31E661FCE8B930003B559 /* Resources */,
			);
			buildRules = (
			);
			dependencies = (
			);
			name = "_01-UILabel";
			productName = "_01-UILabel";
			productReference = 04D31E681FCE8B930003B559 /* _01-UILabel.app */;
			productType = "com.apple.product-type.application";
		};
		04D31E801FCE8B930003B559 /* _01-UILabelTests */ = {
			isa = PBXNativeTarget;
			buildConfigurationList = 04D31E981FCE8B930003B559 /* Build configuration list for PBXNativeTarget "_01-UILabelTests" */;
			buildPhases = (
				04D31E7D1FCE8B930003B559 /* Sources */,
				04D31E7E1FCE8B930003B559 /* Frameworks */,
				04D31E7F1FCE8B930003B559 /* Resources */,
			);
			buildRules = (
			);
			dependencies = (
				04D31E831FCE8B930003B559 /* PBXTargetDependency */,
			);
			name = "_01-UILabelTests";
			productName = "_01-UILabelTests";
			productReference = 04D31E811FCE8B930003B559 /* _01-UILabelTests.xctest */;
			productType = "com.apple.product-type.bundle.unit-test";
		};
		04D31E8B1FCE8B930003B559 /* _01-UILabelUITests */ = {
			isa = PBXNativeTarget;
			buildConfigurationList = 04D31E9B1FCE8B930003B559 /* Build configuration list for PBXNativeTarget "_01-UILabelUITests" */;
			buildPhases = (
				04D31E881FCE8B930003B559 /* Sources */,
				04D31E891FCE8B930003B559 /* Frameworks */,
				04D31E8A1FCE8B930003B559 /* Resources */,
			);
			buildRules = (
			);
			dependencies = (
				04D31E8E1FCE8B930003B559 /* PBXTargetDependency */,
			);
			name = "_01-UILabelUITests";
			productName = "_01-UILabelUITests";
			productReference = 04D31E8C1FCE8B930003B559 /* _01-UILabelUITests.xctest */;
			productType = "com.apple.product-type.bundle.ui-testing";
		};
/* End PBXNativeTarget section */

/* Begin PBXProject section */
		04D31E601FCE8B930003B559 /* Project object */ = {
			isa = PBXProject;
			attributes = {
				LastUpgradeCheck = 0730;
				ORGANIZATIONNAME = jack;
				TargetAttributes = {
					04D31E671FCE8B930003B559 = {
						CreatedOnToolsVersion = 7.3.1;
					};
					04D31E801FCE8B930003B559 = {
						CreatedOnToolsVersion = 7.3.1;
						TestTargetID = 04D31E671FCE8B930003B559;
					};
					04D31E8B1FCE8B930003B559 = {
						CreatedOnToolsVersion = 7.3.1;
						TestTargetID = 04D31E671FCE8B930003B559;
					};
				};
			};
			buildConfigurationList = 04D31E631FCE8B930003B559 /* Build configuration list for PBXProject "_01-UILabel" */;
			compatibilityVersion = "Xcode 3.2";
			developmentRegion = English;
			hasScannedForEncodings = 0;
			knownRegions = (
				en,
				Base,
			);
			mainGroup = 04D31E5F1FCE8B930003B559;
			productRefGroup = 04D31E691FCE8B930003B559 /* Products */;
			projectDirPath = "";
			projectRoot = "";
			targets = (
				04D31E671FCE8B930003B559 /* _01-UILabel */,
				04D31E801FCE8B930003B559 /* _01-UILabelTests */,
				04D31E8B1FCE8B930003B559 /* _01-UILabelUITests */,
			);
		};
/* End PBXProject section */

/* Begin PBXResourcesBuildPhase section */
		04D31E661FCE8B930003B559 /* Resources */ = {
			isa = PBXResourcesBuildPhase;
			buildActionMask = 2147483647;
			files = (
				04D31E7B1FCE8B930003B559 /* LaunchScreen.storyboard in Resources */,
				04D31E781FCE8B930003B559 /* Assets.xcassets in Resources */,
				04D31E761FCE8B930003B559 /* Main.storyboard in Resources */,
			);
			runOnlyForDeploymentPostprocessing = 0;
		};
		04D31E7F1FCE8B930003B559 /* Resources */ = {
			isa = PBXResourcesBuildPhase;
			buildActionMask = 2147483647;
			files = (
			);
			runOnlyForDeploymentPostprocessing = 0;
		};
		04D31E8A1FCE8B930003B559 /* Resources */ = {
			isa = PBXResourcesBuildPhase;
			buildActionMask = 2147483647;
			files = (
			);
			runOnlyForDeploymentPostprocessing = 0;
		};
/* End PBXResourcesBuildPhase section */

/* Begin PBXSourcesBuildPhase section */
		04D31E641FCE8B930003B559 /* Sources */ = {
			isa = PBXSourcesBuildPhase;
			buildActionMask = 2147483647;
			files = (
				04D31E731FCE8B930003B559 /* ViewController.m in Sources */,
				04D31E701FCE8B930003B559 /* AppDelegate.m in Sources */,
				04D31E6D1FCE8B930003B559 /* main.m in Sources */,
			);
			runOnlyForDeploymentPostprocessing = 0;
		};
		04D31E7D1FCE8B930003B559 /* Sources */ = {
			isa = PBXSourcesBuildPhase;
			buildActionMask = 2147483647;
			files = (
				04D31E861FCE8B930003B559 /* _01_UILabelTests.m in Sources */,
			);
			runOnlyForDeploymentPostprocessing = 0;
		};
		04D31E881FCE8B930003B559 /* Sources */ = {
			isa = PBXSourcesBuildPhase;
			buildActionMask = 2147483647;
			files = (
				04D31E911FCE8B930003B559 /* _01_UILabelUITests.m in Sources */,
			);
			runOnlyForDeploymentPostprocessing = 0;
		};
/* End PBXSourcesBuildPhase section */

/* Begin PBXTargetDependency section */
		04D31E831FCE8B930003B559 /* PBXTargetDependency */ = {
			isa = PBXTargetDependency;
			target = 04D31E671FCE8B930003B559 /* _01-UILabel */;
			targetProxy = 04D31E821FCE8B930003B559 /* PBXContainerItemProxy */;
		};
		04D31E8E1FCE8B930003B559 /* PBXTargetDependency */ = {
			isa = PBXTargetDependency;
			target = 04D31E671FCE8B930003B559 /* _01-UILabel */;
			targetProxy = 04D31E8D1FCE8B930003B559 /* PBXContainerItemProxy */;
		};
/* End PBXTargetDependency section */

/* Begin PBXVariantGroup section */
		04D31E741FCE8B930003B559 /* Main.storyboard */ = {
			isa = PBXVariantGroup;
			children = (
				04D31E751FCE8B930003B559 /* Base */,
			);
			name = Main.storyboard;
			sourceTree = "<group>";
		};
		04D31E791FCE8B930003B559 /* LaunchScreen.storyboard */ = {
			isa = PBXVariantGroup;
			children = (
				04D31E7A1FCE8B930003B559 /* Base */,
			);
			name = LaunchScreen.storyboard;
			sourceTree = "<group>";
		};
/* End PBXVariantGroup section */

/* Begin XCBuildConfiguration section */
		04D31E931FCE8B930003B559 /* Debug */ = {
			isa = XCBuildConfiguration;
			buildSettings = {
				ALWAYS_SEARCH_USER_PATHS = NO;
				CLANG_ANALYZER_NONNULL = YES;
				CLANG_CXX_LANGUAGE_STANDARD = "gnu++0x";
				CLANG_CXX_LIBRARY = "libc++";
				CLANG_ENABLE_MODULES = YES;
				CLANG_ENABLE_OBJC_ARC = YES;
				CLANG_WARN_BOOL_CONVERSION = YES;
				CLANG_WARN_CONSTANT_CONVERSION = YES;
				CLANG_WARN_DIRECT_OBJC_ISA_USAGE = YES_ERROR;
				CLANG_WARN_EMPTY_BODY = YES;
				CLANG_WARN_ENUM_CONVERSION = YES;
				CLANG_WARN_INT_CONVERSION = YES;
				CLANG_WARN_OBJC_ROOT_CLASS = YES_ERROR;
				CLANG_WARN_UNREACHABLE_CODE = YES;
				CLANG_WARN__DUPLICATE_METHOD_MATCH = YES;
				"CODE_SIGN_IDENTITY[sdk=iphoneos*]" = "iPhone Developer";
				COPY_PHASE_STRIP = NO;
				DEBUG_INFORMATION_FORMAT = dwarf;
				ENABLE_STRICT_OBJC_MSGSEND = YES;
				ENABLE_TESTABILITY = YES;
				GCC_C_LANGUAGE_STANDARD = gnu99;
				GCC_DYNAMIC_NO_PIC = NO;
				GCC_NO_COMMON_BLOCKS = YES;
				GCC_OPTIMIZATION_LEVEL = 0;
				GCC_PREPROCESSOR_DEFINITIONS = (
					"DEBUG=1",
					"$(inherited)",
				);
				GCC_WARN_64_TO_32_BIT_CONVERSION = YES;
				GCC_WARN_ABOUT_RETURN_TYPE = YES_ERROR;
				GCC_WARN_UNDECLARED_SELECTOR = YES;
				GCC_WARN_UNINITIALIZED_AUTOS = YES_AGGRESSIVE;
				GCC_WARN_UNUSED_FUNCTION = YES;
				GCC_WARN_UNUSED_VARIABLE = YES;
				IPHONEOS_DEPLOYMENT_TARGET = 9.3;
				MTL_ENABLE_DEBUG_INFO = YES;
				ONLY_ACTIVE_ARCH = YES;
				SDKROOT = iphoneos;
				TARGETED_DEVICE_FAMILY = "1,2";
			};
			name = Debug;
		};
		04D31E941FCE8B930003B559 /* Release */ = {
			isa = XCBuildConfiguration;
			buildSettings = {
				ALWAYS_SEARCH_USER_PATHS = NO;
				CLANG_ANALYZER_NONNULL = YES;
				CLANG_CXX_LANGUAGE_STANDARD = "gnu++0x";
				CLANG_CXX_LIBRARY = "libc++";
				CLANG_ENABLE_MODULES = YES;
				CLANG_ENABLE_OBJC_ARC = YES;
				CLANG_WARN_BOOL_CONVERSION = YES;
				CLANG_WARN_CONSTANT_CONVERSION = YES;
				CLANG_WARN_DIRECT_OBJC_ISA_USAGE = YES_ERROR;
				CLANG_WARN_EMPTY_BODY = YES;
				CLANG_WARN_ENUM_CONVERSION = YES;
				CLANG_WARN_INT_CONVERSION = YES;
				CLANG_WARN_OBJC_ROOT_CLASS = YES_ERROR;
				CLANG_WARN_UNREACHABLE_CODE = YES;
				CLANG_WARN__DUPLICATE_METHOD_MATCH = YES;
				"CODE_SIGN_IDENTITY[sdk=iphoneos*]" = "iPhone Developer";
				COPY_PHASE_STRIP = NO;
				DEBUG_INFORMATION_FORMAT = "dwarf-with-dsym";
				ENABLE_NS_ASSERTIONS = NO;
				ENABLE_STRICT_OBJC_MSGSEND = YES;
				GCC_C_LANGUAGE_STANDARD = gnu99;
				GCC_NO_COMMON_BLOCKS = YES;
				GCC_WARN_64_TO_32_BIT_CONVERSION = YES;
				GCC_WARN_ABOUT_RETURN_TYPE = YES_ERROR;
				GCC_WARN_UNDECLARED_SELECTOR = YES;
				GCC_WARN_UNINITIALIZED_AUTOS = YES_AGGRESSIVE;
				GCC_WARN_UNUSED_FUNCTION = YES;
				GCC_WARN_UNUSED_VARIABLE = YES;
				IPHONEOS_DEPLOYMENT_TARGET = 9.3;
				MTL_ENABLE_DEBUG_INFO = NO;
				SDKROOT = iphoneos;
				TARGETED_DEVICE_FAMILY = "1,2";
				VALIDATE_PRODUCT = YES;
			};
			name = Release;
		};
		04D31E961FCE8B930003B559 /* Debug */ = {
			isa = XCBuildConfiguration;
			buildSettings = {
				ASSETCATALOG_COMPILER_APPICON_NAME = AppIcon;
				INFOPLIST_FILE = "_01-UILabel/Info.plist";
				LD_RUNPATH_SEARCH_PATHS = "$(inherited) @executable_path/Frameworks";
				PRODUCT_BUNDLE_IDENTIFIER = "com.x.-01-UILabel";
				PRODUCT_NAME = "$(TARGET_NAME)";
			};
			name = Debug;
		};
		04D31E971FCE8B930003B559 /* Release */ = {
			isa = XCBuildConfiguration;
			buildSettings = {
				ASSETCATALOG_COMPILER_APPICON_NAME = AppIcon;
				INFOPLIST_FILE = "_01-UILabel/Info.plist";
				LD_RUNPATH_SEARCH_PATHS = "$(inherited) @executable_path/Frameworks";
				PRODUCT_BUNDLE_IDENTIFIER = "com.x.-01-UILabel";
				PRODUCT_NAME = "$(TARGET_NAME)";
			};
			name = Release;
		};
		04D31E991FCE8B930003B559 /* Debug */ = {
			isa = XCBuildConfiguration;
			buildSettings = {
				BUNDLE_LOADER = "$(TEST_HOST)";
				INFOPLIST_FILE = "_01-UILabelTests/Info.plist";
				LD_RUNPATH_SEARCH_PATHS = "$(inherited) @executable_path/Frameworks @loader_path/Frameworks";
				PRODUCT_BUNDLE_IDENTIFIER = "com.x.-01-UILabelTests";
				PRODUCT_NAME = "$(TARGET_NAME)";
				TEST_HOST = "$(BUILT_PRODUCTS_DIR)/_01-UILabel.app/_01-UILabel";
			};
			name = Debug;
		};
		04D31E9A1FCE8B930003B559 /* Release */ = {
			isa = XCBuildConfiguration;
			buildSettings = {
				BUNDLE_LOADER = "$(TEST_HOST)";
				INFOPLIST_FILE = "_01-UILabelTests/Info.plist";
				LD_RUNPATH_SEARCH_PATHS = "$(inherited) @executable_path/Frameworks @loader_path/Frameworks";
				PRODUCT_BUNDLE_IDENTIFIER = "com.x.-01-UILabelTests";
				PRODUCT_NAME = "$(TARGET_NAME)";
				TEST_HOST = "$(BUILT_PRODUCTS_DIR)/_01-UILabel.app/_01-UILabel";
			};
			name = Release;
		};
		04D31E9C1FCE8B930003B559 /* Debug */ = {
			isa = XCBuildConfiguration;
			buildSettings = {
				INFOPLIST_FILE = "_01-UILabelUITests/Info.plist";
				LD_RUNPATH_SEARCH_PATHS = "$(inherited) @executable_path/Frameworks @loader_path/Frameworks";
				PRODUCT_BUNDLE_IDENTIFIER = "com.x.-01-UILabelUITests";
				PRODUCT_NAME = "$(TARGET_NAME)";
				TEST_TARGET_NAME = "_01-UILabel";
			};
			name = Debug;
		};
		04D31E9D1FCE8B930003B559 /* Release */ = {
			isa = XCBuildConfiguration;
			buildSettings = {
				INFOPLIST_FILE = "_01-UILabelUITests/Info.plist";
				LD_RUNPATH_SEARCH_PATHS = "$(inherited) @executable_path/Frameworks @loader_path/Frameworks";
				PRODUCT_BUNDLE_IDENTIFIER = "com.x.-01-UILabelUITests";
				PRODUCT_NAME = "$(TARGET_NAME)";
				TEST_TARGET_NAME = "_01-UILabel";
			};
			name = Release;
		};
/* End XCBuildConfiguration section */

/* Begin XCConfigurationList section */
		04D31E631FCE8B930003B559 /* Build configuration list for PBXProject "_01-UILabel" */ = {
			isa = XCConfigurationList;
			buildConfigurations = (
				04D31E931FCE8B930003B559 /* Debug */,
				04D31E941FCE8B930003B559 /* Release */,
			);
			defaultConfigurationIsVisible = 0;
			defaultConfigurationName = Release;
		};
		04D31E951FCE8B930003B559 /* Build configuration list for PBXNativeTarget "_01-UILabel" */ = {
			isa = XCConfigurationList;
			buildConfigurations = (
				04D31E961FCE8B930003B559 /* Debug */,
				04D31E971FCE8B930003B559 /* Release */,
			);
			defaultConfigurationIsVisible = 0;
		};
		04D31E981FCE8B930003B559 /* Build configuration list for PBXNativeTarget "_01-UILabelTests" */ = {
			isa = XCConfigurationList;
			buildConfigurations = (
				04D31E991FCE8B930003B559 /* Debug */,
				04D31E9A1FCE8B930003B559 /* Release */,
			);
			defaultConfigurationIsVisible = 0;
		};
		04D31E9B1FCE8B930003B559 /* Build configuration list for PBXNativeTarget "_01-UILabelUITests" */ = {
			isa = XCConfigurationList;
			buildConfigurations = (
				04D31E9C1FCE8B930003B559 /* Debug */,
				04D31E9D1FCE8B930003B559 /* Release */,
			);
			defaultConfigurationIsVisible = 0;
		};
/* End XCConfigurationList section */
	};
	rootObject = 04D31E601FCE8B930003B559 /* Project object */;
}
